{
  "lockfile_version": "1",
  "packages": {
    "docker@latest": {
      "last_modified": "2025-02-12T00:10:52Z",
      "resolved": "github:NixOS/nixpkgs/83a2581c81ff5b06f7c1a4e7cc736a455dfcf7b4#docker",
      "source": "devbox-search",
      "version": "27.5.1",
      "systems": {
        "aarch64-darwin": {
          "outputs": [
            {
              "name": "out",
              "path": "/nix/store/y5vfyg4bzrchzf81mn5ykmldj4bp393m-docker-27.5.1",
              "default": true
            }
          ],
          "store_path": "/nix/store/y5vfyg4bzrchzf81mn5ykmldj4bp393m-docker-27.5.1"
        },
        "aarch64-linux": {
          "outputs": [
            {
              "name": "out",
              "path": "/nix/store/bqsg1h1y1fzp6mls5mx5f1xh137ffsnh-docker-27.5.1",
              "default": true
            }
          ],
          "store_path": "/nix/store/bqsg1h1y1fzp6mls5mx5f1xh137ffsnh-docker-27.5.1"
        },
        "x86_64-darwin": {
          "outputs": [
            {
              "name": "out",
              "path": "/nix/store/p5f1r2crdmrjy9lb0nifnxiii3fpaxsx-docker-27.5.1",
              "default": true
            }
          ],
          "store_path": "/nix/store/p5f1r2crdmrjy9lb0nifnxiii3fpaxsx-docker-27.5.1"
        },
        "x86_64-linux": {
          "outputs": [
            {
              "name": "out",
              "path": "/nix/store/sd6r9f7f1cn95pqnf57jjsjkppm749fp-docker-27.5.1",
              "default": true
            }
          ],
          "store_path": "/nix/store/sd6r9f7f1cn95pqnf57jjsjkppm749fp-docker-27.5.1"
        }
      }
    },
    "gnumake@latest": {
      "last_modified": "2025-02-16T09:28:34Z",
      "resolved": "github:NixOS/nixpkgs/b1b43d32be000928cc71250ed77f4a0a5f2bc23a#gnumake",
      "source": "devbox-search",
      "version": "4.4.1",
      "systems": {
        "aarch64-darwin": {
          "outputs": [
            {
              "name": "out",
              "path": "/nix/store/sbi3qw92i2lmm50agfl6hyys4ns5p1cb-gnumake-4.4.1",
              "default": true
            },
            {
              "name": "man",
              "path": "/nix/store/wy7f1yyfq701271vnrr2f5kzbq14ldwb-gnumake-4.4.1-man",
              "default": true
            },
            {
              "name": "info",
              "path": "/nix/store/hawnsgjd9lxxdwgbs3vmqf0074kdzzwg-gnumake-4.4.1-info"
            }
          ],
          "store_path": "/nix/store/sbi3qw92i2lmm50agfl6hyys4ns5p1cb-gnumake-4.4.1"
        },
        "aarch64-linux": {
          "outputs": [
            {
              "name": "out",
              "path": "/nix/store/m2kxzc7bdf6jryshyx28iiwzhwy9yy4r-gnumake-4.4.1",
              "default": true
            },
            {
              "name": "man",
              "path": "/nix/store/j19np241ay4yhr2713ix78qbxgdywnxd-gnumake-4.4.1-man",
              "default": true
            },
            {
              "name": "debug",
              "path": "/nix/store/wqw8qqdbxjq1ryd83qrp8845j31ymdl2-gnumake-4.4.1-debug"
            },
            {
              "name": "info",
              "path": "/nix/store/xw267hlm12127bsj285iqlylgkds9xcz-gnumake-4.4.1-info"
            }
          ],
          "store_path": "/nix/store/m2kxzc7bdf6jryshyx28iiwzhwy9yy4r-gnumake-4.4.1"
        },
        "x86_64-darwin": {
          "outputs": [
            {
              "name": "out",
              "path": "/nix/store/phxnsrf7p9ydqy9rzm1b2hgifj0sq2jf-gnumake-4.4.1",
              "default": true
            },
            {
              "name": "man",
              "path": "/nix/store/4hxywqd01lg9llz89xhpnkvbhs7kviw9-gnumake-4.4.1-man",
              "default": true
            },
            {
              "name": "info",
              "path": "/nix/store/6svs2xnshx2hjl92mhknrw6b1j2fixj6-gnumake-4.4.1-info"
            }
          ],
          "store_path": "/nix/store/phxnsrf7p9ydqy9rzm1b2hgifj0sq2jf-gnumake-4.4.1"
        },
        "x86_64-linux": {
          "outputs": [
            {
              "name": "out",
              "path": "/nix/store/lg5s5rccg0b7kdlz9xmqmz3f2h89knxm-gnumake-4.4.1",
              "default": true
            },
            {
              "name": "man",
              "path": "/nix/store/gxnp20132z46q5imfhcbpqg4s1r57i70-gnumake-4.4.1-man",
              "default": true
            },
            {
              "name": "info",
              "path": "/nix/store/ja4k39ai5qn07i8z397b621cj5gbbswj-gnumake-4.4.1-info"
            },
            {
              "name": "debug",
              "path": "/nix/store/0m3pbrkq6srhqy3lghm5n6xbi60m1dx0-gnumake-4.4.1-debug"
            }
          ],
          "store_path": "/nix/store/lg5s5rccg0b7kdlz9xmqmz3f2h89knxm-gnumake-4.4.1"
        }
      }
    },
    "kind@latest": {
      "last_modified": "2025-02-07T11:26:36Z",
      "resolved": "github:NixOS/nixpkgs/d98abf5cf5914e5e4e9d57205e3af55ca90ffc1d#kind",
      "source": "devbox-search",
      "version": "0.26.0",
      "systems": {
        "aarch64-darwin": {
          "outputs": [
            {
              "name": "out",
              "path": "/nix/store/nfg8wv5jycm6bfzkwr4igwb0byhnhrr1-kind-0.26.0",
              "default": true
            }
          ],
          "store_path": "/nix/store/nfg8wv5jycm6bfzkwr4igwb0byhnhrr1-kind-0.26.0"
        },
        "aarch64-linux": {
          "outputs": [
            {
              "name": "out",
              "path": "/nix/store/qz66d0bs6f7q96k0ryzb1jgfdg06w3ib-kind-0.26.0",
              "default": true
            }
          ],
          "store_path": "/nix/store/qz66d0bs6f7q96k0ryzb1jgfdg06w3ib-kind-0.26.0"
        },
        "x86_64-darwin": {
          "outputs": [
            {
              "name": "out",
              "path": "/nix/store/km5n2c910bv3js6ln19y4fydwfq04w0a-kind-0.26.0",
              "default": true
            }
          ],
          "store_path": "/nix/store/km5n2c910bv3js6ln19y4fydwfq04w0a-kind-0.26.0"
        },
        "x86_64-linux": {
          "outputs": [
            {
              "name": "out",
              "path": "/nix/store/6fbf8jslw3a81wcnram5w9dwhwk452m1-kind-0.26.0",
              "default": true
            }
          ],
          "store_path": "/nix/store/6fbf8jslw3a81wcnram5w9dwhwk452m1-kind-0.26.0"
        }
      }
    },
    "kubectl@latest": {
      "last_modified": "2025-02-16T00:50:12Z",
      "resolved": "github:NixOS/nixpkgs/1dcdd535fef84d4671129a10e7072d56dca9a4d3#kubectl",
      "source": "devbox-search",
      "version": "1.32.2",
      "systems": {
        "aarch64-darwin": {
          "outputs": [
            {
              "name": "out",
              "path": "/nix/store/fdg47848h1jm48dvq34vzjx7pxipipyj-kubectl-1.32.2",
              "default": true
            },
            {
              "name": "man",
              "path": "/nix/store/nwpq48a67gn7xvma4k76wa3dl5qpc9jw-kubectl-1.32.2-man",
              "default": true
            },
            {
              "name": "convert",
              "path": "/nix/store/2l56gryy2lc3bxd1k28d606r23872vj1-kubectl-1.32.2-convert"
            }
          ],
          "store_path": "/nix/store/fdg47848h1jm48dvq34vzjx7pxipipyj-kubectl-1.32.2"
        },
        "aarch64-linux": {
          "outputs": [
            {
              "name": "out",
              "path": "/nix/store/m61xkgm5dj0k73rai9vdw0qscwix0jhq-kubectl-1.32.2",
              "default": true
            },
            {
              "name": "man",
              "path": "/nix/store/d1pxmj1z2mbpybd8dnijfpii786q6h5r-kubectl-1.32.2-man",
              "default": true
            },
            {
              "name": "convert",
              "path": "/nix/store/jnngkla61ssihs45xf8jhss7b0i5rmgr-kubectl-1.32.2-convert"
            }
          ],
          "store_path": "/nix/store/m61xkgm5dj0k73rai9vdw0qscwix0jhq-kubectl-1.32.2"
        },
        "x86_64-darwin": {
          "outputs": [
            {
              "name": "out",
              "path": "/nix/store/b2js0qn4da3bl7xi06q5prx27gd5fch8-kubectl-1.32.2",
              "default": true
            },
            {
              "name": "man",
              "path": "/nix/store/97yz99gy3hg69b6jjaqi01126ld5hgpl-kubectl-1.32.2-man",
              "default": true
            },
            {
              "name": "convert",
              "path": "/nix/store/1cr7phxn688by6bgzrpr5x6pv29dzknp-kubectl-1.32.2-convert"
            }
          ],
          "store_path": "/nix/store/b2js0qn4da3bl7xi06q5prx27gd5fch8-kubectl-1.32.2"
        },
        "x86_64-linux": {
          "outputs": [
            {
              "name": "out",
              "path": "/nix/store/d4hd150ffhnayv270mpacjkv57agyxyd-kubectl-1.32.2",
              "default": true
            },
            {
              "name": "man",
              "path": "/nix/store/37p1rr7vy6kmfhih65p6lvwc1cx64z6x-kubectl-1.32.2-man",
              "default": true
            },
            {
              "name": "convert",
              "path": "/nix/store/9ydig9bf3sgbsgxi06jw1128cdrpvfm1-kubectl-1.32.2-convert"
            }
          ],
          "store_path": "/nix/store/d4hd150ffhnayv270mpacjkv57agyxyd-kubectl-1.32.2"
        }
      }
    },
    "python3@latest": {
      "last_modified": "2025-01-06T03:40:18Z",
      "plugin_version": "0.0.4",
      "resolved": "github:NixOS/nixpkgs/3df3c47c19dc90fec35359e89ffb52b34d2b0e94#python3",
      "source": "devbox-search",
      "version": "3.12.8",
      "systems": {
        "aarch64-darwin": {
          "outputs": [
            {
              "name": "out",
              "path": "/nix/store/8zc3wcplydp8gsxms24scpzdca438dk5-python3-3.12.8",
              "default": true
            }
          ],
          "store_path": "/nix/store/8zc3wcplydp8gsxms24scpzdca438dk5-python3-3.12.8"
        },
        "aarch64-linux": {
          "outputs": [
            {
              "name": "out",
              "path": "/nix/store/66pn6ysmvx675061xaq2vz93s9vdc5p4-python3-3.12.8",
              "default": true
            },
            {
              "name": "debug",
              "path": "/nix/store/brcg3a34fi45ffky63g5pqd22sksvq13-python3-3.12.8-debug"
            }
          ],
          "store_path": "/nix/store/66pn6ysmvx675061xaq2vz93s9vdc5p4-python3-3.12.8"
        },
        "x86_64-darwin": {
          "outputs": [
            {
              "name": "out",
              "path": "/nix/store/fpmkmdzgd1q7kqadc7czcjdhjj7bsc0i-python3-3.12.8",
              "default": true
            }
          ],
          "store_path": "/nix/store/fpmkmdzgd1q7kqadc7czcjdhjj7bsc0i-python3-3.12.8"
        },
        "x86_64-linux": {
          "outputs": [
            {
              "name": "out",
              "path": "/nix/store/c9m6yd8fg1flz2j5r4bif1ib5j20a0cy-python3-3.12.8",
              "default": true
            },
            {
              "name": "debug",
              "path": "/nix/store/cicfrcjr8pky8qd0gxw0x84ynyviy6b5-python3-3.12.8-debug"
            }
          ],
          "store_path": "/nix/store/c9m6yd8fg1flz2j5r4bif1ib5j20a0cy-python3-3.12.8"
        }
      }
    }
  }
}
